
Microsoft Visual Studio Solution File, Format Version 12.00
# Visual Studio 14
VisualStudioVersion = 14.0.25123.0
MinimumVisualStudioVersion = 10.0.40219.1
Project("{FAE04EC0-301F-11D3-BF4B-00C04F79EFBC}") = "ChooseRestaurant", "ChooseRestaurant\ChooseRestaurant.csproj", "{37067EFF-1E4F-4884-BD6B-A876D25E1A8C}"
EndProject
Project("{FAE04EC0-301F-11D3-BF4B-00C04F79EFBC}") = "ChooseRestaurant.Tests", "ChooseRestaurant.Tests\ChooseRestaurant.Tests.csproj", "{2C47821E-4D27-4481-A48E-A4468AF0B89A}"
EndProject
Global
	GlobalSection(SolutionConfigurationPlatforms) = preSolution
		Debug|Any CPU = Debug|Any CPU
		Release|Any CPU = Release|Any CPU
	EndGlobalSection
	GlobalSection(ProjectConfigurationPlatforms) = postSolution
		{37067EFF-1E4F-4884-BD6B-A876D25E1A8C}.Debug|Any CPU.ActiveCfg = Debug|Any CPU
		{37067EFF-1E4F-4884-BD6B-A876D25E1A8C}.Debug|Any CPU.Build.0 = Debug|Any CPU
		{37067EFF-1E4F-4884-BD6B-A876D25E1A8C}.Release|Any CPU.ActiveCfg = Release|Any CPU
		{37067EFF-1E4F-4884-BD6B-A876D25E1A8C}.Release|Any CPU.Build.0 = Release|Any CPU
		{2C47821E-4D27-4481-A48E-A4468AF0B89A}.Debug|Any CPU.ActiveCfg = Debug|Any CPU
		{2C47821E-4D27-4481-A48E-A4468AF0B89A}.Debug|Any CPU.Build.0 = Debug|Any CPU
		{2C47821E-4D27-4481-A48E-A4468AF0B89A}.Release|Any CPU.ActiveCfg = Release|Any CPU
		{2C47821E-4D27-4481-A48E-A4468AF0B89A}.Release|Any CPU.Build.0 = Release|Any CPU
	EndGlobalSection
	GlobalSection(SolutionProperties) = preSolution
		HideSolutionNode = FALSE
	EndGlobalSection
EndGlobal
